
Microsoft Visual Studio Solution File, Format Version 12.00
# Visual Studio 15
VisualStudioVersion = 15.0.28307.705
MinimumVisualStudioVersion = 10.0.40219.1
Project("{FAE04EC0-301F-11D3-BF4B-00C04F79EFBC}") = "Class1Week25202", "Class1Week25202\Class1Week25202.csproj", "{CA0D3DA0-DE6E-4651-9FA6-289B231BF534}"
EndProject
Project("{FAE04EC0-301F-11D3-BF4B-00C04F79EFBC}") = "Class1Week25202Exercises", "Class1Week25202Exercises\Class1Week25202Exercises.csproj", "{2D4E39DE-BE1D-40FE-B53A-20214C9101AB}"
EndProject
Project("{FAE04EC0-301F-11D3-BF4B-00C04F79EFBC}") = "Task3", "Task3\Task3.csproj", "{D1F45913-EA3A-4581-B568-9ABF06219493}"
EndProject
Global
	GlobalSection(SolutionConfigurationPlatforms) = preSolution
		Debug|Any CPU = Debug|Any CPU
		Release|Any CPU = Release|Any CPU
	EndGlobalSection
	GlobalSection(ProjectConfigurationPlatforms) = postSolution
		{CA0D3DA0-DE6E-4651-9FA6-289B231BF534}.Debug|Any CPU.ActiveCfg = Debug|Any CPU
		{CA0D3DA0-DE6E-4651-9FA6-289B231BF534}.Debug|Any CPU.Build.0 = Debug|Any CPU
		{CA0D3DA0-DE6E-4651-9FA6-289B231BF534}.Release|Any CPU.ActiveCfg = Release|Any CPU
		{CA0D3DA0-DE6E-4651-9FA6-289B231BF534}.Release|Any CPU.Build.0 = Release|Any CPU
		{2D4E39DE-BE1D-40FE-B53A-20214C9101AB}.Debug|Any CPU.ActiveCfg = Debug|Any CPU
		{2D4E39DE-BE1D-40FE-B53A-20214C9101AB}.Debug|Any CPU.Build.0 = Debug|Any CPU
		{2D4E39DE-BE1D-40FE-B53A-20214C9101AB}.Release|Any CPU.ActiveCfg = Release|Any CPU
		{2D4E39DE-BE1D-40FE-B53A-20214C9101AB}.Release|Any CPU.Build.0 = Release|Any CPU
		{D1F45913-EA3A-4581-B568-9ABF06219493}.Debug|Any CPU.ActiveCfg = Debug|Any CPU
		{D1F45913-EA3A-4581-B568-9ABF06219493}.Debug|Any CPU.Build.0 = Debug|Any CPU
		{D1F45913-EA3A-4581-B568-9ABF06219493}.Release|Any CPU.ActiveCfg = Release|Any CPU
		{D1F45913-EA3A-4581-B568-9ABF06219493}.Release|Any CPU.Build.0 = Release|Any CPU
	EndGlobalSection
	GlobalSection(SolutionProperties) = preSolution
		HideSolutionNode = FALSE
	EndGlobalSection
	GlobalSection(ExtensibilityGlobals) = postSolution
		SolutionGuid = {FDA1C812-B9D5-4AB8-812E-3C1E2750237B}
	EndGlobalSection
EndGlobal
